
Microsoft Visual Studio Solution File, Format Version 12.00
# Visual Studio 15
VisualStudioVersion = 15.0.28307.168
MinimumVisualStudioVersion = 10.0.40219.1
Project("{FAE04EC0-301F-11D3-BF4B-00C04F79EFBC}") = "SearchBar", "WindowsFormsApp2\SearchBar.csproj", "{F1F60B52-777C-4A4F-95A7-B73AEC4F6754}"
EndProject
Project("{2150E333-8FDC-42A3-9474-1A3956D46DE8}") = "Solution Items", "Solution Items", "{CAF3AD23-7FB6-48F4-A4C1-89E38652B5EB}"
EndProject
Global
	GlobalSection(SolutionConfigurationPlatforms) = preSolution
		Debug|Any CPU = Debug|Any CPU
		Release|Any CPU = Release|Any CPU
	EndGlobalSection
	GlobalSection(ProjectConfigurationPlatforms) = postSolution
		{F1F60B52-777C-4A4F-95A7-B73AEC4F6754}.Debug|Any CPU.ActiveCfg = Debug|Any CPU
		{F1F60B52-777C-4A4F-95A7-B73AEC4F6754}.Debug|Any CPU.Build.0 = Debug|Any CPU
		{F1F60B52-777C-4A4F-95A7-B73AEC4F6754}.Release|Any CPU.ActiveCfg = Release|Any CPU
		{F1F60B52-777C-4A4F-95A7-B73AEC4F6754}.Release|Any CPU.Build.0 = Release|Any CPU
	EndGlobalSection
	GlobalSection(SolutionProperties) = preSolution
		HideSolutionNode = FALSE
	EndGlobalSection
	GlobalSection(ExtensibilityGlobals) = postSolution
		SolutionGuid = {104FE865-0ADC-4CEC-9B78-8F600E3A8200}
	EndGlobalSection
EndGlobal
